{
  "name": "rm-infinity-example",
  "version": "1.0.0",
  "lockfileVersion": 1,
  "requires": true,
  "dependencies": {
    "rm-infinity": {
      "version": "0.0.2",
      "resolved": "https://registry.npmjs.org/rm-infinity/-/rm-infinity-0.0.2.tgz",
      "integrity": "sha512-mdSoFMPgALsml5UGEycsvPB8BxH7IoLqZuVQMcuXasGbSrzcCIB235Zmu/ofoe3vpO5Y9HlZSUq61GOaFNZ0KQ=="
    }
  }
}
