{
  "name": "rm-infinity-example",
  "version": "1.0.0",
  "lockfileVersion": 1,
  "requires": true,
  "dependencies": {
    "rm-infinity": {
      "version": "0.0.6",
      "resolved": "https://registry.npmjs.org/rm-infinity/-/rm-infinity-0.0.6.tgz",
      "integrity": "sha512-NPCJ5iLdVW5l24KHpjVpKj0EmFzI7GSexrC7TPrGNdLBRCeu5IIIjprTNKvfptDLsvjmjEzZwPLyRkoWWGmDRQ=="
    }
  }
}
